schemaVersion: 1
skills:
  mattpocock/grilling:
    source: harness/vendor/mattpocock/skills/productivity/grilling
    version: 1.0.0
    ref: main
    commit: 6acc160e4e0cd062dbbbd7a1b26ae92855edf07e
    checksum: sha256:fa5c1e5ee76b1c8f1ae56101f52c9e239de75d5c578adc61227b92d10b7e52ef
    license: MIT
    status: enabled
  mattpocock/domain-modeling:
    source: harness/vendor/mattpocock/skills/engineering/domain-modeling
    version: 1.0.0
    ref: main
    commit: 6acc160e4e0cd062dbbbd7a1b26ae92855edf07e
    checksum: sha256:152e2c97239affb12a60c5f4a7e74ab546a49ae169688c81f4e2ccc42dafa579
    license: MIT
    status: enabled
  mattpocock/to-tickets:
    source: harness/vendor/mattpocock/skills/engineering/to-tickets
    version: 1.0.0
    ref: main
    commit: 6acc160e4e0cd062dbbbd7a1b26ae92855edf07e
    checksum: sha256:5ecdf1d4df8a360ed39df21a2347f97ba177afd449a577da4f6b6ea8e1ebb808
    license: MIT
    status: enabled
  mattpocock/implement:
    source: harness/vendor/mattpocock/skills/engineering/implement
    version: 1.0.0
    ref: main
    commit: 6acc160e4e0cd062dbbbd7a1b26ae92855edf07e
    checksum: sha256:6d3fd9e83b8f36e5213854779db49b256a457a7ebb4a503e53fa7dcff696adc3
    license: MIT
    status: enabled
  mattpocock/code-review:
    source: harness/vendor/mattpocock/skills/engineering/code-review
    version: 1.0.0
    ref: main
    commit: 6acc160e4e0cd062dbbbd7a1b26ae92855edf07e
    checksum: sha256:9cf46653dd9c710ea1e6c22423caf31a794c88773bc94bdaa23140277f470442
    license: MIT
    status: enabled
  mattpocock/handoff:
    source: harness/vendor/mattpocock/skills/productivity/handoff
    version: 1.0.0
    ref: main
    commit: 6acc160e4e0cd062dbbbd7a1b26ae92855edf07e
    checksum: sha256:57c9f1f392d7352cdc85b1e39ca49eddc70ce1dc278bd9653fb4f23dfc2560fc
    license: MIT
    status: enabled
  softaworks/lesson-learned:
    source: harness/vendor/softaworks/skills/lesson-learned
    version: 1.0.0
    ref: main
    commit: vendor-manual-2026-08-07
    checksum: sha256:f2ee51f30ea8c2f15f961eac7d403945c0db5af042c1dc56c0d3b6a6561b9894
    license: MIT
    status: enabled
